// !$*UTF8*$!
{
	archiveVersion = 1;
	classes = {
	};
	objectVersion = 56;
	objects = {

/* Begin PBXBuildFile section */
		2911115D2C0066D000D4AFD2 /* HomeView.swift in Sources */ = {isa = PBXBuildFile; fileRef = 2911115C2C0066D000D4AFD2 /* HomeView.swift */; };
		2911115F2C0068D800D4AFD2 /* SavedView.swift in Sources */ = {isa = PBXBuildFile; fileRef = 2911115E2C0068D800D4AFD2 /* SavedView.swift */; };
		291111612C006A8600D4AFD2 /* ProfileView.swift in Sources */ = {isa = PBXBuildFile; fileRef = 291111602C006A8600D4AFD2 /* ProfileView.swift */; };
		291111632C00704C00D4AFD2 /* SearchViewModel.swift in Sources */ = {isa = PBXBuildFile; fileRef = 291111622C00704C00D4AFD2 /* SearchViewModel.swift */; };
		292C932D2C90780600D66C54 /* PaytoneOne-Regular.ttf in Resources */ = {isa = PBXBuildFile; fileRef = 292C932C2C90780500D66C54 /* PaytoneOne-Regular.ttf */; };
		294817A92C8B2A1300C070F8 /* HomeViewV1.swift in Sources */ = {isa = PBXBuildFile; fileRef = 294817A82C8B2A1300C070F8 /* HomeViewV1.swift */; };
		294817AC2C8B326000C070F8 /* Constant.swift in Sources */ = {isa = PBXBuildFile; fileRef = 294817AB2C8B326000C070F8 /* Constant.swift */; };
		295B604F2BFCF44D00A0B536 /* HomeViewModel.swift in Sources */ = {isa = PBXBuildFile; fileRef = 295B604E2BFCF44D00A0B536 /* HomeViewModel.swift */; };
		295BB29D2BF7251600CF0431 /* SwiftyJSON in Frameworks */ = {isa = PBXBuildFile; productRef = 295BB29C2BF7251600CF0431 /* SwiftyJSON */; };
		296E6E352C7CD9B90006FF1C /* SongSearchResult.swift in Sources */ = {isa = PBXBuildFile; fileRef = 296E6E342C7CD9B90006FF1C /* SongSearchResult.swift */; };
		297BE7042BF88D5700F9DBF8 /* SongIndex.swift in Sources */ = {isa = PBXBuildFile; fileRef = 297BE7032BF88D5700F9DBF8 /* SongIndex.swift */; };
		29A58C7D2BFF5C0F00D06ECB /* SearchView.swift in Sources */ = {isa = PBXBuildFile; fileRef = 29A58C7C2BFF5C0F00D06ECB /* SearchView.swift */; };
		29C1B2E42C8E4E4D00E371C8 /* LoginView.swift in Sources */ = {isa = PBXBuildFile; fileRef = 29C1B2E32C8E4E4D00E371C8 /* LoginView.swift */; };
		29D3776A2BF8CE1C0006AB52 /* NyanyianDetailView.swift in Sources */ = {isa = PBXBuildFile; fileRef = 29D377692BF8CE1C0006AB52 /* NyanyianDetailView.swift */; };
		29D3776C2BF8CEAD0006AB52 /* Song.swift in Sources */ = {isa = PBXBuildFile; fileRef = 29D3776B2BF8CEAD0006AB52 /* Song.swift */; };
		29D3776E2BF8D5530006AB52 /* SongResponse.swift in Sources */ = {isa = PBXBuildFile; fileRef = 29D3776D2BF8D5530006AB52 /* SongResponse.swift */; };
		29E2A0562BF712B8005595E6 /* BnbkApp.swift in Sources */ = {isa = PBXBuildFile; fileRef = 29E2A0552BF712B8005595E6 /* BnbkApp.swift */; };
		29E2A0582BF712B8005595E6 /* ContentView.swift in Sources */ = {isa = PBXBuildFile; fileRef = 29E2A0572BF712B8005595E6 /* ContentView.swift */; };
		29E2A05C2BF712BA005595E6 /* Assets.xcassets in Resources */ = {isa = PBXBuildFile; fileRef = 29E2A05B2BF712BA005595E6 /* Assets.xcassets */; };
		29E2A05F2BF712BA005595E6 /* Preview Assets.xcassets in Resources */ = {isa = PBXBuildFile; fileRef = 29E2A05E2BF712BA005595E6 /* Preview Assets.xcassets */; };
		29E2A0692BF712BA005595E6 /* bnbkTests.swift in Sources */ = {isa = PBXBuildFile; fileRef = 29E2A0682BF712BA005595E6 /* bnbkTests.swift */; };
		29E2A0732BF712BA005595E6 /* bnbkUITests.swift in Sources */ = {isa = PBXBuildFile; fileRef = 29E2A0722BF712BA005595E6 /* bnbkUITests.swift */; };
		29E2A0752BF712BA005595E6 /* bnbkUITestsLaunchTests.swift in Sources */ = {isa = PBXBuildFile; fileRef = 29E2A0742BF712BA005595E6 /* bnbkUITestsLaunchTests.swift */; };
		29F0CD9A2C947DA90007079D /* GoogleSignIn in Frameworks */ = {isa = PBXBuildFile; productRef = 29F0CD992C947DA90007079D /* GoogleSignIn */; };
		29F0CD9C2C947DA90007079D /* GoogleSignInSwift in Frameworks */ = {isa = PBXBuildFile; productRef = 29F0CD9B2C947DA90007079D /* GoogleSignInSwift */; };
		29F5D1382C75AADC00B09F01 /* Localizable.xcstrings in Resources */ = {isa = PBXBuildFile; fileRef = 29F5D1372C75AADB00B09F01 /* Localizable.xcstrings */; };
		29F6A5242C90151000B4C508 /* WelcomeView.swift in Sources */ = {isa = PBXBuildFile; fileRef = 29F6A5232C90151000B4C508 /* WelcomeView.swift */; };
		29FBF6812C9435E000FA93A6 /* FirebaseAuth in Frameworks */ = {isa = PBXBuildFile; productRef = 29FBF6802C9435E000FA93A6 /* FirebaseAuth */; };
		29FBF6832C9435E000FA93A6 /* FirebaseMessaging in Frameworks */ = {isa = PBXBuildFile; productRef = 29FBF6822C9435E000FA93A6 /* FirebaseMessaging */; };
		29FBF6852C9435E000FA93A6 /* FirebaseStorage in Frameworks */ = {isa = PBXBuildFile; productRef = 29FBF6842C9435E000FA93A6 /* FirebaseStorage */; };
		29FBF6872C94393600FA93A6 /* GoogleService-Info.plist in Resources */ = {isa = PBXBuildFile; fileRef = 29FBF6862C94393600FA93A6 /* GoogleService-Info.plist */; };
		29FBF6892C943D5600FA93A6 /* RandomNonce.swift in Sources */ = {isa = PBXBuildFile; fileRef = 29FBF6882C943D5600FA93A6 /* RandomNonce.swift */; };
		29FBF68B2C943E5E00FA93A6 /* WelcomeViewModel.swift in Sources */ = {isa = PBXBuildFile; fileRef = 29FBF68A2C943E5E00FA93A6 /* WelcomeViewModel.swift */; };
/* End PBXBuildFile section */

/* Begin PBXContainerItemProxy section */
		29E2A0652BF712BA005595E6 /* PBXContainerItemProxy */ = {
			isa = PBXContainerItemProxy;
			containerPortal = 29E2A04A2BF712B8005595E6 /* Project object */;
			proxyType = 1;
			remoteGlobalIDString = 29E2A0512BF712B8005595E6;
			remoteInfo = bnbk;
		};
		29E2A06F2BF712BA005595E6 /* PBXContainerItemProxy */ = {
			isa = PBXContainerItemProxy;
			containerPortal = 29E2A04A2BF712B8005595E6 /* Project object */;
			proxyType = 1;
			remoteGlobalIDString = 29E2A0512BF712B8005595E6;
			remoteInfo = bnbk;
		};
/* End PBXContainerItemProxy section */

/* Begin PBXFileReference section */
		2911115C2C0066D000D4AFD2 /* HomeView.swift */ = {isa = PBXFileReference; lastKnownFileType = sourcecode.swift; path = HomeView.swift; sourceTree = "<group>"; };
		2911115E2C0068D800D4AFD2 /* SavedView.swift */ = {isa = PBXFileReference; lastKnownFileType = sourcecode.swift; path = SavedView.swift; sourceTree = "<group>"; };
		291111602C006A8600D4AFD2 /* ProfileView.swift */ = {isa = PBXFileReference; lastKnownFileType = sourcecode.swift; path = ProfileView.swift; sourceTree = "<group>"; };
		291111622C00704C00D4AFD2 /* SearchViewModel.swift */ = {isa = PBXFileReference; lastKnownFileType = sourcecode.swift; path = SearchViewModel.swift; sourceTree = "<group>"; };
		291111652C00957800D4AFD2 /* LearningResources.md */ = {isa = PBXFileReference; lastKnownFileType = net.daringfireball.markdown; path = LearningResources.md; sourceTree = "<group>"; };
		292C932C2C90780500D66C54 /* PaytoneOne-Regular.ttf */ = {isa = PBXFileReference; lastKnownFileType = file; name = "PaytoneOne-Regular.ttf"; path = "../../../../../Downloads/Paytone One/PaytoneOne-Regular.ttf"; sourceTree = "<group>"; };
		292C932E2C90797D00D66C54 /* Info.plist */ = {isa = PBXFileReference; lastKnownFileType = text.plist; path = Info.plist; sourceTree = "<group>"; };
		294817A82C8B2A1300C070F8 /* HomeViewV1.swift */ = {isa = PBXFileReference; lastKnownFileType = sourcecode.swift; path = HomeViewV1.swift; sourceTree = "<group>"; };
		294817AB2C8B326000C070F8 /* Constant.swift */ = {isa = PBXFileReference; lastKnownFileType = sourcecode.swift; path = Constant.swift; sourceTree = "<group>"; };
		295B604E2BFCF44D00A0B536 /* HomeViewModel.swift */ = {isa = PBXFileReference; lastKnownFileType = sourcecode.swift; path = HomeViewModel.swift; sourceTree = "<group>"; };
		296E6E342C7CD9B90006FF1C /* SongSearchResult.swift */ = {isa = PBXFileReference; lastKnownFileType = sourcecode.swift; path = SongSearchResult.swift; sourceTree = "<group>"; };
		297BE7032BF88D5700F9DBF8 /* SongIndex.swift */ = {isa = PBXFileReference; lastKnownFileType = sourcecode.swift; path = SongIndex.swift; sourceTree = "<group>"; };
		29A58C7C2BFF5C0F00D06ECB /* SearchView.swift */ = {isa = PBXFileReference; lastKnownFileType = sourcecode.swift; path = SearchView.swift; sourceTree = "<group>"; };
		29C1B2E32C8E4E4D00E371C8 /* LoginView.swift */ = {isa = PBXFileReference; lastKnownFileType = sourcecode.swift; path = LoginView.swift; sourceTree = "<group>"; };
		29D377692BF8CE1C0006AB52 /* NyanyianDetailView.swift */ = {isa = PBXFileReference; lastKnownFileType = sourcecode.swift; path = NyanyianDetailView.swift; sourceTree = "<group>"; };
		29D3776B2BF8CEAD0006AB52 /* Song.swift */ = {isa = PBXFileReference; lastKnownFileType = sourcecode.swift; path = Song.swift; sourceTree = "<group>"; };
		29D3776D2BF8D5530006AB52 /* SongResponse.swift */ = {isa = PBXFileReference; lastKnownFileType = sourcecode.swift; path = SongResponse.swift; sourceTree = "<group>"; };
		29E2A0522BF712B8005595E6 /* bnbk.app */ = {isa = PBXFileReference; explicitFileType = wrapper.application; includeInIndex = 0; path = bnbk.app; sourceTree = BUILT_PRODUCTS_DIR; };
		29E2A0552BF712B8005595E6 /* BnbkApp.swift */ = {isa = PBXFileReference; lastKnownFileType = sourcecode.swift; path = BnbkApp.swift; sourceTree = "<group>"; };
		29E2A0572BF712B8005595E6 /* ContentView.swift */ = {isa = PBXFileReference; lastKnownFileType = sourcecode.swift; path = ContentView.swift; sourceTree = "<group>"; };
		29E2A05B2BF712BA005595E6 /* Assets.xcassets */ = {isa = PBXFileReference; lastKnownFileType = folder.assetcatalog; path = Assets.xcassets; sourceTree = "<group>"; };
		29E2A05E2BF712BA005595E6 /* Preview Assets.xcassets */ = {isa = PBXFileReference; lastKnownFileType = folder.assetcatalog; path = "Preview Assets.xcassets"; sourceTree = "<group>"; };
		29E2A0642BF712BA005595E6 /* bnbkTests.xctest */ = {isa = PBXFileReference; explicitFileType = wrapper.cfbundle; includeInIndex = 0; path = bnbkTests.xctest; sourceTree = BUILT_PRODUCTS_DIR; };
		29E2A0682BF712BA005595E6 /* bnbkTests.swift */ = {isa = PBXFileReference; lastKnownFileType = sourcecode.swift; path = bnbkTests.swift; sourceTree = "<group>"; };
		29E2A06E2BF712BA005595E6 /* bnbkUITests.xctest */ = {isa = PBXFileReference; explicitFileType = wrapper.cfbundle; includeInIndex = 0; path = bnbkUITests.xctest; sourceTree = BUILT_PRODUCTS_DIR; };
		29E2A0722BF712BA005595E6 /* bnbkUITests.swift */ = {isa = PBXFileReference; lastKnownFileType = sourcecode.swift; path = bnbkUITests.swift; sourceTree = "<group>"; };
		29E2A0742BF712BA005595E6 /* bnbkUITestsLaunchTests.swift */ = {isa = PBXFileReference; lastKnownFileType = sourcecode.swift; path = bnbkUITestsLaunchTests.swift; sourceTree = "<group>"; };
		29F5D1372C75AADB00B09F01 /* Localizable.xcstrings */ = {isa = PBXFileReference; lastKnownFileType = text.json.xcstrings; path = Localizable.xcstrings; sourceTree = "<group>"; };
		29F6A5232C90151000B4C508 /* WelcomeView.swift */ = {isa = PBXFileReference; lastKnownFileType = sourcecode.swift; path = WelcomeView.swift; sourceTree = "<group>"; };
		29F6A5252C901D0900B4C508 /* bnbk.entitlements */ = {isa = PBXFileReference; lastKnownFileType = text.plist.entitlements; path = bnbk.entitlements; sourceTree = "<group>"; };
		29FBF6862C94393600FA93A6 /* GoogleService-Info.plist */ = {isa = PBXFileReference; fileEncoding = 4; lastKnownFileType = text.plist.xml; path = "GoogleService-Info.plist"; sourceTree = "<group>"; };
		29FBF6882C943D5600FA93A6 /* RandomNonce.swift */ = {isa = PBXFileReference; lastKnownFileType = sourcecode.swift; path = RandomNonce.swift; sourceTree = "<group>"; };
		29FBF68A2C943E5E00FA93A6 /* WelcomeViewModel.swift */ = {isa = PBXFileReference; lastKnownFileType = sourcecode.swift; path = WelcomeViewModel.swift; sourceTree = "<group>"; };
/* End PBXFileReference section */

/* Begin PBXFrameworksBuildPhase section */
		29E2A04F2BF712B8005595E6 /* Frameworks */ = {
			isa = PBXFrameworksBuildPhase;
			buildActionMask = 2147483647;
			files = (
				29F0CD9A2C947DA90007079D /* GoogleSignIn in Frameworks */,
				29FBF6832C9435E000FA93A6 /* FirebaseMessaging in Frameworks */,
				29FBF6852C9435E000FA93A6 /* FirebaseStorage in Frameworks */,
				29F0CD9C2C947DA90007079D /* GoogleSignInSwift in Frameworks */,
				295BB29D2BF7251600CF0431 /* SwiftyJSON in Frameworks */,
				29FBF6812C9435E000FA93A6 /* FirebaseAuth in Frameworks */,
			);
			runOnlyForDeploymentPostprocessing = 0;
		};
		29E2A0612BF712BA005595E6 /* Frameworks */ = {
			isa = PBXFrameworksBuildPhase;
			buildActionMask = 2147483647;
			files = (
			);
			runOnlyForDeploymentPostprocessing = 0;
		};
		29E2A06B2BF712BA005595E6 /* Frameworks */ = {
			isa = PBXFrameworksBuildPhase;
			buildActionMask = 2147483647;
			files = (
			);
			runOnlyForDeploymentPostprocessing = 0;
		};
/* End PBXFrameworksBuildPhase section */

/* Begin PBXGroup section */
		291111642C00956B00D4AFD2 /* Docs */ = {
			isa = PBXGroup;
			children = (
				291111652C00957800D4AFD2 /* LearningResources.md */,
			);
			path = Docs;
			sourceTree = "<group>";
		};
		292C932B2C9077EF00D66C54 /* Font */ = {
			isa = PBXGroup;
			children = (
				292C932C2C90780500D66C54 /* PaytoneOne-Regular.ttf */,
			);
			path = Font;
			sourceTree = "<group>";
		};
		294817AA2C8B324600C070F8 /* Util */ = {
			isa = PBXGroup;
			children = (
				294817AB2C8B326000C070F8 /* Constant.swift */,
				29FBF6882C943D5600FA93A6 /* RandomNonce.swift */,
			);
			path = Util;
			sourceTree = "<group>";
		};
		295BB2932BF720AD00CF0431 /* Model */ = {
			isa = PBXGroup;
			children = (
				297BE7032BF88D5700F9DBF8 /* SongIndex.swift */,
				29D3776B2BF8CEAD0006AB52 /* Song.swift */,
				29D3776D2BF8D5530006AB52 /* SongResponse.swift */,
				296E6E342C7CD9B90006FF1C /* SongSearchResult.swift */,
			);
			path = Model;
			sourceTree = "<group>";
		};
		296E6E322C7CBB940006FF1C /* Search */ = {
			isa = PBXGroup;
			children = (
				29A58C7C2BFF5C0F00D06ECB /* SearchView.swift */,
				291111622C00704C00D4AFD2 /* SearchViewModel.swift */,
			);
			path = Search;
			sourceTree = "<group>";
		};
		29C1B2E22C8E4E3900E371C8 /* Auth */ = {
			isa = PBXGroup;
			children = (
				29C1B2E32C8E4E4D00E371C8 /* LoginView.swift */,
			);
			path = Auth;
			sourceTree = "<group>";
		};
		29D377682BF8CE000006AB52 /* UI */ = {
			isa = PBXGroup;
			children = (
				29D377692BF8CE1C0006AB52 /* NyanyianDetailView.swift */,
				2911115E2C0068D800D4AFD2 /* SavedView.swift */,
				291111602C006A8600D4AFD2 /* ProfileView.swift */,
				29E2A0572BF712B8005595E6 /* ContentView.swift */,
			);
			path = UI;
			sourceTree = "<group>";
		};
		29E2A0492BF712B8005595E6 = {
			isa = PBXGroup;
			children = (
				29E2A0542BF712B8005595E6 /* bnbk */,
				29E2A0672BF712BA005595E6 /* bnbkTests */,
				29E2A0712BF712BA005595E6 /* bnbkUITests */,
				29E2A0532BF712B8005595E6 /* Products */,
				29FBF68C2C9441D000FA93A6 /* Frameworks */,
			);
			sourceTree = "<group>";
		};
		29E2A0532BF712B8005595E6 /* Products */ = {
			isa = PBXGroup;
			children = (
				29E2A0522BF712B8005595E6 /* bnbk.app */,
				29E2A0642BF712BA005595E6 /* bnbkTests.xctest */,
				29E2A06E2BF712BA005595E6 /* bnbkUITests.xctest */,
			);
			name = Products;
			sourceTree = "<group>";
		};
		29E2A0542BF712B8005595E6 /* bnbk */ = {
			isa = PBXGroup;
			children = (
				29E2A0552BF712B8005595E6 /* BnbkApp.swift */,
				29F6A5222C90150000B4C508 /* Welcome */,
				29C1B2E22C8E4E3900E371C8 /* Auth */,
				296E6E322C7CBB940006FF1C /* Search */,
				29F5D1362C75A21F00B09F01 /* Home */,
				291111642C00956B00D4AFD2 /* Docs */,
				29D377682BF8CE000006AB52 /* UI */,
				294817AA2C8B324600C070F8 /* Util */,
				295BB2932BF720AD00CF0431 /* Model */,
				292C932B2C9077EF00D66C54 /* Font */,
				29E2A05D2BF712BA005595E6 /* Preview Content */,
				29FBF6862C94393600FA93A6 /* GoogleService-Info.plist */,
				29E2A05B2BF712BA005595E6 /* Assets.xcassets */,
				29F5D1372C75AADB00B09F01 /* Localizable.xcstrings */,
				29F6A5252C901D0900B4C508 /* bnbk.entitlements */,
				292C932E2C90797D00D66C54 /* Info.plist */,
			);
			path = bnbk;
			sourceTree = "<group>";
		};
		29E2A05D2BF712BA005595E6 /* Preview Content */ = {
			isa = PBXGroup;
			children = (
				29E2A05E2BF712BA005595E6 /* Preview Assets.xcassets */,
			);
			path = "Preview Content";
			sourceTree = "<group>";
		};
		29E2A0672BF712BA005595E6 /* bnbkTests */ = {
			isa = PBXGroup;
			children = (
				29E2A0682BF712BA005595E6 /* bnbkTests.swift */,
			);
			path = bnbkTests;
			sourceTree = "<group>";
		};
		29E2A0712BF712BA005595E6 /* bnbkUITests */ = {
			isa = PBXGroup;
			children = (
				29E2A0722BF712BA005595E6 /* bnbkUITests.swift */,
				29E2A0742BF712BA005595E6 /* bnbkUITestsLaunchTests.swift */,
			);
			path = bnbkUITests;
			sourceTree = "<group>";
		};
		29F5D1362C75A21F00B09F01 /* Home */ = {
			isa = PBXGroup;
			children = (
				2911115C2C0066D000D4AFD2 /* HomeView.swift */,
				295B604E2BFCF44D00A0B536 /* HomeViewModel.swift */,
				294817A82C8B2A1300C070F8 /* HomeViewV1.swift */,
			);
			path = Home;
			sourceTree = "<group>";
		};
		29F6A5222C90150000B4C508 /* Welcome */ = {
			isa = PBXGroup;
			children = (
				29F6A5232C90151000B4C508 /* WelcomeView.swift */,
				29FBF68A2C943E5E00FA93A6 /* WelcomeViewModel.swift */,
			);
			path = Welcome;
			sourceTree = "<group>";
		};
		29FBF68C2C9441D000FA93A6 /* Frameworks */ = {
			isa = PBXGroup;
			children = (
			);
			name = Frameworks;
			sourceTree = "<group>";
		};
/* End PBXGroup section */

/* Begin PBXNativeTarget section */
		29E2A0512BF712B8005595E6 /* bnbk */ = {
			isa = PBXNativeTarget;
			buildConfigurationList = 29E2A0782BF712BA005595E6 /* Build configuration list for PBXNativeTarget "bnbk" */;
			buildPhases = (
				29E2A04E2BF712B8005595E6 /* Sources */,
				29E2A04F2BF712B8005595E6 /* Frameworks */,
				29E2A0502BF712B8005595E6 /* Resources */,
			);
			buildRules = (
			);
			dependencies = (
			);
			name = bnbk;
			packageProductDependencies = (
				295BB29C2BF7251600CF0431 /* SwiftyJSON */,
				29FBF6802C9435E000FA93A6 /* FirebaseAuth */,
				29FBF6822C9435E000FA93A6 /* FirebaseMessaging */,
				29FBF6842C9435E000FA93A6 /* FirebaseStorage */,
				29F0CD992C947DA90007079D /* GoogleSignIn */,
				29F0CD9B2C947DA90007079D /* GoogleSignInSwift */,
			);
			productName = bnbk;
			productReference = 29E2A0522BF712B8005595E6 /* bnbk.app */;
			productType = "com.apple.product-type.application";
		};
		29E2A0632BF712BA005595E6 /* bnbkTests */ = {
			isa = PBXNativeTarget;
			buildConfigurationList = 29E2A07B2BF712BA005595E6 /* Build configuration list for PBXNativeTarget "bnbkTests" */;
			buildPhases = (
				29E2A0602BF712BA005595E6 /* Sources */,
				29E2A0612BF712BA005595E6 /* Frameworks */,
				29E2A0622BF712BA005595E6 /* Resources */,
			);
			buildRules = (
			);
			dependencies = (
				29E2A0662BF712BA005595E6 /* PBXTargetDependency */,
			);
			name = bnbkTests;
			productName = bnbkTests;
			productReference = 29E2A0642BF712BA005595E6 /* bnbkTests.xctest */;
			productType = "com.apple.product-type.bundle.unit-test";
		};
		29E2A06D2BF712BA005595E6 /* bnbkUITests */ = {
			isa = PBXNativeTarget;
			buildConfigurationList = 29E2A07E2BF712BA005595E6 /* Build configuration list for PBXNativeTarget "bnbkUITests" */;
			buildPhases = (
				29E2A06A2BF712BA005595E6 /* Sources */,
				29E2A06B2BF712BA005595E6 /* Frameworks */,
				29E2A06C2BF712BA005595E6 /* Resources */,
			);
			buildRules = (
			);
			dependencies = (
				29E2A0702BF712BA005595E6 /* PBXTargetDependency */,
			);
			name = bnbkUITests;
			productName = bnbkUITests;
			productReference = 29E2A06E2BF712BA005595E6 /* bnbkUITests.xctest */;
			productType = "com.apple.product-type.bundle.ui-testing";
		};
/* End PBXNativeTarget section */

/* Begin PBXProject section */
		29E2A04A2BF712B8005595E6 /* Project object */ = {
			isa = PBXProject;
			attributes = {
				BuildIndependentTargetsInParallel = 1;
				LastSwiftUpdateCheck = 1510;
				LastUpgradeCheck = 1510;
				TargetAttributes = {
					29E2A0512BF712B8005595E6 = {
						CreatedOnToolsVersion = 15.1;
					};
					29E2A0632BF712BA005595E6 = {
						CreatedOnToolsVersion = 15.1;
						TestTargetID = 29E2A0512BF712B8005595E6;
					};
					29E2A06D2BF712BA005595E6 = {
						CreatedOnToolsVersion = 15.1;
						TestTargetID = 29E2A0512BF712B8005595E6;
					};
				};
			};
			buildConfigurationList = 29E2A04D2BF712B8005595E6 /* Build configuration list for PBXProject "bnbk" */;
			compatibilityVersion = "Xcode 14.0";
			developmentRegion = id;
			hasScannedForEncodings = 0;
			knownRegions = (
				en,
				Base,
				id,
			);
			mainGroup = 29E2A0492BF712B8005595E6;
			packageReferences = (
				295BB29B2BF7251600CF0431 /* XCRemoteSwiftPackageReference "SwiftyJSON" */,
				29FBF67F2C9435E000FA93A6 /* XCRemoteSwiftPackageReference "firebase-ios-sdk" */,
				29F0CD982C947DA90007079D /* XCRemoteSwiftPackageReference "GoogleSignIn-iOS" */,
			);
			productRefGroup = 29E2A0532BF712B8005595E6 /* Products */;
			projectDirPath = "";
			projectRoot = "";
			targets = (
				29E2A0512BF712B8005595E6 /* bnbk */,
				29E2A0632BF712BA005595E6 /* bnbkTests */,
				29E2A06D2BF712BA005595E6 /* bnbkUITests */,
			);
		};
/* End PBXProject section */

/* Begin PBXResourcesBuildPhase section */
		29E2A0502BF712B8005595E6 /* Resources */ = {
			isa = PBXResourcesBuildPhase;
			buildActionMask = 2147483647;
			files = (
				29E2A05F2BF712BA005595E6 /* Preview Assets.xcassets in Resources */,
				29F5D1382C75AADC00B09F01 /* Localizable.xcstrings in Resources */,
				29FBF6872C94393600FA93A6 /* GoogleService-Info.plist in Resources */,
				29E2A05C2BF712BA005595E6 /* Assets.xcassets in Resources */,
				292C932D2C90780600D66C54 /* PaytoneOne-Regular.ttf in Resources */,
			);
			runOnlyForDeploymentPostprocessing = 0;
		};
		29E2A0622BF712BA005595E6 /* Resources */ = {
			isa = PBXResourcesBuildPhase;
			buildActionMask = 2147483647;
			files = (
			);
			runOnlyForDeploymentPostprocessing = 0;
		};
		29E2A06C2BF712BA005595E6 /* Resources */ = {
			isa = PBXResourcesBuildPhase;
			buildActionMask = 2147483647;
			files = (
			);
			runOnlyForDeploymentPostprocessing = 0;
		};
/* End PBXResourcesBuildPhase section */

/* Begin PBXSourcesBuildPhase section */
		29E2A04E2BF712B8005595E6 /* Sources */ = {
			isa = PBXSourcesBuildPhase;
			buildActionMask = 2147483647;
			files = (
				291111612C006A8600D4AFD2 /* ProfileView.swift in Sources */,
				296E6E352C7CD9B90006FF1C /* SongSearchResult.swift in Sources */,
				29A58C7D2BFF5C0F00D06ECB /* SearchView.swift in Sources */,
				294817AC2C8B326000C070F8 /* Constant.swift in Sources */,
				29D3776C2BF8CEAD0006AB52 /* Song.swift in Sources */,
				29F6A5242C90151000B4C508 /* WelcomeView.swift in Sources */,
				295B604F2BFCF44D00A0B536 /* HomeViewModel.swift in Sources */,
				2911115D2C0066D000D4AFD2 /* HomeView.swift in Sources */,
				29FBF6892C943D5600FA93A6 /* RandomNonce.swift in Sources */,
				291111632C00704C00D4AFD2 /* SearchViewModel.swift in Sources */,
				29D3776A2BF8CE1C0006AB52 /* NyanyianDetailView.swift in Sources */,
				294817A92C8B2A1300C070F8 /* HomeViewV1.swift in Sources */,
				29C1B2E42C8E4E4D00E371C8 /* LoginView.swift in Sources */,
				297BE7042BF88D5700F9DBF8 /* SongIndex.swift in Sources */,
				2911115F2C0068D800D4AFD2 /* SavedView.swift in Sources */,
				29E2A0582BF712B8005595E6 /* ContentView.swift in Sources */,
				29E2A0562BF712B8005595E6 /* BnbkApp.swift in Sources */,
				29FBF68B2C943E5E00FA93A6 /* WelcomeViewModel.swift in Sources */,
				29D3776E2BF8D5530006AB52 /* SongResponse.swift in Sources */,
			);
			runOnlyForDeploymentPostprocessing = 0;
		};
		29E2A0602BF712BA005595E6 /* Sources */ = {
			isa = PBXSourcesBuildPhase;
			buildActionMask = 2147483647;
			files = (
				29E2A0692BF712BA005595E6 /* bnbkTests.swift in Sources */,
			);
			runOnlyForDeploymentPostprocessing = 0;
		};
		29E2A06A2BF712BA005595E6 /* Sources */ = {
			isa = PBXSourcesBuildPhase;
			buildActionMask = 2147483647;
			files = (
				29E2A0732BF712BA005595E6 /* bnbkUITests.swift in Sources */,
				29E2A0752BF712BA005595E6 /* bnbkUITestsLaunchTests.swift in Sources */,
			);
			runOnlyForDeploymentPostprocessing = 0;
		};
/* End PBXSourcesBuildPhase section */

/* Begin PBXTargetDependency section */
		29E2A0662BF712BA005595E6 /* PBXTargetDependency */ = {
			isa = PBXTargetDependency;
			target = 29E2A0512BF712B8005595E6 /* bnbk */;
			targetProxy = 29E2A0652BF712BA005595E6 /* PBXContainerItemProxy */;
		};
		29E2A0702BF712BA005595E6 /* PBXTargetDependency */ = {
			isa = PBXTargetDependency;
			target = 29E2A0512BF712B8005595E6 /* bnbk */;
			targetProxy = 29E2A06F2BF712BA005595E6 /* PBXContainerItemProxy */;
		};
/* End PBXTargetDependency section */

/* Begin XCBuildConfiguration section */
		29E2A0762BF712BA005595E6 /* Debug */ = {
			isa = XCBuildConfiguration;
			buildSettings = {
				ALWAYS_SEARCH_USER_PATHS = NO;
				ASSETCATALOG_COMPILER_GENERATE_SWIFT_ASSET_SYMBOL_EXTENSIONS = YES;
				CLANG_ANALYZER_NONNULL = YES;
				CLANG_ANALYZER_NUMBER_OBJECT_CONVERSION = YES_AGGRESSIVE;
				CLANG_CXX_LANGUAGE_STANDARD = "gnu++20";
				CLANG_ENABLE_MODULES = YES;
				CLANG_ENABLE_OBJC_ARC = YES;
				CLANG_ENABLE_OBJC_WEAK = YES;
				CLANG_WARN_BLOCK_CAPTURE_AUTORELEASING = YES;
				CLANG_WARN_BOOL_CONVERSION = YES;
				CLANG_WARN_COMMA = YES;
				CLANG_WARN_CONSTANT_CONVERSION = YES;
				CLANG_WARN_DEPRECATED_OBJC_IMPLEMENTATIONS = YES;
				CLANG_WARN_DIRECT_OBJC_ISA_USAGE = YES_ERROR;
				CLANG_WARN_DOCUMENTATION_COMMENTS = YES;
				CLANG_WARN_EMPTY_BODY = YES;
				CLANG_WARN_ENUM_CONVERSION = YES;
				CLANG_WARN_INFINITE_RECURSION = YES;
				CLANG_WARN_INT_CONVERSION = YES;
				CLANG_WARN_NON_LITERAL_NULL_CONVERSION = YES;
				CLANG_WARN_OBJC_IMPLICIT_RETAIN_SELF = YES;
				CLANG_WARN_OBJC_LITERAL_CONVERSION = YES;
				CLANG_WARN_OBJC_ROOT_CLASS = YES_ERROR;
				CLANG_WARN_QUOTED_INCLUDE_IN_FRAMEWORK_HEADER = YES;
				CLANG_WARN_RANGE_LOOP_ANALYSIS = YES;
				CLANG_WARN_STRICT_PROTOTYPES = YES;
				CLANG_WARN_SUSPICIOUS_MOVE = YES;
				CLANG_WARN_UNGUARDED_AVAILABILITY = YES_AGGRESSIVE;
				CLANG_WARN_UNREACHABLE_CODE = YES;
				CLANG_WARN__DUPLICATE_METHOD_MATCH = YES;
				COPY_PHASE_STRIP = NO;
				DEBUG_INFORMATION_FORMAT = dwarf;
				ENABLE_STRICT_OBJC_MSGSEND = YES;
				ENABLE_TESTABILITY = YES;
				ENABLE_USER_SCRIPT_SANDBOXING = YES;
				GCC_C_LANGUAGE_STANDARD = gnu17;
				GCC_DYNAMIC_NO_PIC = NO;
				GCC_NO_COMMON_BLOCKS = YES;
				GCC_OPTIMIZATION_LEVEL = 0;
				GCC_PREPROCESSOR_DEFINITIONS = (
					"DEBUG=1",
					"$(inherited)",
				);
				GCC_WARN_64_TO_32_BIT_CONVERSION = YES;
				GCC_WARN_ABOUT_RETURN_TYPE = YES_ERROR;
				GCC_WARN_UNDECLARED_SELECTOR = YES;
				GCC_WARN_UNINITIALIZED_AUTOS = YES_AGGRESSIVE;
				GCC_WARN_UNUSED_FUNCTION = YES;
				GCC_WARN_UNUSED_VARIABLE = YES;
				IPHONEOS_DEPLOYMENT_TARGET = 17.2;
				LOCALIZATION_PREFERS_STRING_CATALOGS = YES;
				MTL_ENABLE_DEBUG_INFO = INCLUDE_SOURCE;
				MTL_FAST_MATH = YES;
				ONLY_ACTIVE_ARCH = YES;
				SDKROOT = iphoneos;
				SWIFT_ACTIVE_COMPILATION_CONDITIONS = "DEBUG $(inherited)";
				SWIFT_OPTIMIZATION_LEVEL = "-Onone";
			};
			name = Debug;
		};
		29E2A0772BF712BA005595E6 /* Release */ = {
			isa = XCBuildConfiguration;
			buildSettings = {
				ALWAYS_SEARCH_USER_PATHS = NO;
				ASSETCATALOG_COMPILER_GENERATE_SWIFT_ASSET_SYMBOL_EXTENSIONS = YES;
				CLANG_ANALYZER_NONNULL = YES;
				CLANG_ANALYZER_NUMBER_OBJECT_CONVERSION = YES_AGGRESSIVE;
				CLANG_CXX_LANGUAGE_STANDARD = "gnu++20";
				CLANG_ENABLE_MODULES = YES;
				CLANG_ENABLE_OBJC_ARC = YES;
				CLANG_ENABLE_OBJC_WEAK = YES;
				CLANG_WARN_BLOCK_CAPTURE_AUTORELEASING = YES;
				CLANG_WARN_BOOL_CONVERSION = YES;
				CLANG_WARN_COMMA = YES;
				CLANG_WARN_CONSTANT_CONVERSION = YES;
				CLANG_WARN_DEPRECATED_OBJC_IMPLEMENTATIONS = YES;
				CLANG_WARN_DIRECT_OBJC_ISA_USAGE = YES_ERROR;
				CLANG_WARN_DOCUMENTATION_COMMENTS = YES;
				CLANG_WARN_EMPTY_BODY = YES;
				CLANG_WARN_ENUM_CONVERSION = YES;
				CLANG_WARN_INFINITE_RECURSION = YES;
				CLANG_WARN_INT_CONVERSION = YES;
				CLANG_WARN_NON_LITERAL_NULL_CONVERSION = YES;
				CLANG_WARN_OBJC_IMPLICIT_RETAIN_SELF = YES;
				CLANG_WARN_OBJC_LITERAL_CONVERSION = YES;
				CLANG_WARN_OBJC_ROOT_CLASS = YES_ERROR;
				CLANG_WARN_QUOTED_INCLUDE_IN_FRAMEWORK_HEADER = YES;
				CLANG_WARN_RANGE_LOOP_ANALYSIS = YES;
				CLANG_WARN_STRICT_PROTOTYPES = YES;
				CLANG_WARN_SUSPICIOUS_MOVE = YES;
				CLANG_WARN_UNGUARDED_AVAILABILITY = YES_AGGRESSIVE;
				CLANG_WARN_UNREACHABLE_CODE = YES;
				CLANG_WARN__DUPLICATE_METHOD_MATCH = YES;
				COPY_PHASE_STRIP = NO;
				DEBUG_INFORMATION_FORMAT = "dwarf-with-dsym";
				ENABLE_NS_ASSERTIONS = NO;
				ENABLE_STRICT_OBJC_MSGSEND = YES;
				ENABLE_USER_SCRIPT_SANDBOXING = YES;
				GCC_C_LANGUAGE_STANDARD = gnu17;
				GCC_NO_COMMON_BLOCKS = YES;
				GCC_WARN_64_TO_32_BIT_CONVERSION = YES;
				GCC_WARN_ABOUT_RETURN_TYPE = YES_ERROR;
				GCC_WARN_UNDECLARED_SELECTOR = YES;
				GCC_WARN_UNINITIALIZED_AUTOS = YES_AGGRESSIVE;
				GCC_WARN_UNUSED_FUNCTION = YES;
				GCC_WARN_UNUSED_VARIABLE = YES;
				IPHONEOS_DEPLOYMENT_TARGET = 17.2;
				LOCALIZATION_PREFERS_STRING_CATALOGS = YES;
				MTL_ENABLE_DEBUG_INFO = NO;
				MTL_FAST_MATH = YES;
				SDKROOT = iphoneos;
				SWIFT_COMPILATION_MODE = wholemodule;
				VALIDATE_PRODUCT = YES;
			};
			name = Release;
		};
		29E2A0792BF712BA005595E6 /* Debug */ = {
			isa = XCBuildConfiguration;
			buildSettings = {
				ASSETCATALOG_COMPILER_APPICON_NAME = AppIcon;
				ASSETCATALOG_COMPILER_GLOBAL_ACCENT_COLOR_NAME = AccentColor;
				CODE_SIGN_ENTITLEMENTS = bnbk/bnbk.entitlements;
				CODE_SIGN_STYLE = Automatic;
				CURRENT_PROJECT_VERSION = 1;
				DEVELOPMENT_ASSET_PATHS = "\"bnbk/Preview Content\"";
				DEVELOPMENT_TEAM = 9VBW89A4U3;
				ENABLE_PREVIEWS = YES;
				GENERATE_INFOPLIST_FILE = YES;
				INFOPLIST_FILE = bnbk/Info.plist;
				INFOPLIST_KEY_CFBundleDisplayName = BNBK;
				INFOPLIST_KEY_LSApplicationCategoryType = "public.app-category.books";
				INFOPLIST_KEY_UIApplicationSceneManifest_Generation = YES;
				INFOPLIST_KEY_UIApplicationSupportsIndirectInputEvents = YES;
				INFOPLIST_KEY_UILaunchScreen_Generation = YES;
				INFOPLIST_KEY_UIStatusBarHidden = YES;
				INFOPLIST_KEY_UISupportedInterfaceOrientations = UIInterfaceOrientationPortrait;
				INFOPLIST_KEY_UISupportedInterfaceOrientations_iPad = "UIInterfaceOrientationLandscapeLeft UIInterfaceOrientationPortrait UIInterfaceOrientationPortraitUpsideDown";
				IPHONEOS_DEPLOYMENT_TARGET = 17.0;
				LD_RUNPATH_SEARCH_PATHS = (
					"$(inherited)",
					"@executable_path/Frameworks",
				);
				MARKETING_VERSION = 1.0;
				PRODUCT_BUNDLE_IDENTIFIER = org.bnbk.ios;
				PRODUCT_NAME = "$(TARGET_NAME)";
				SUPPORTED_PLATFORMS = "iphoneos iphonesimulator";
				SUPPORTS_MACCATALYST = NO;
				SUPPORTS_MAC_DESIGNED_FOR_IPHONE_IPAD = NO;
				SUPPORTS_XR_DESIGNED_FOR_IPHONE_IPAD = NO;
				SWIFT_EMIT_LOC_STRINGS = YES;
				SWIFT_VERSION = 5.0;
				TARGETED_DEVICE_FAMILY = "1,2";
			};
			name = Debug;
		};
		29E2A07A2BF712BA005595E6 /* Release */ = {
			isa = XCBuildConfiguration;
			buildSettings = {
				ASSETCATALOG_COMPILER_APPICON_NAME = AppIcon;
				ASSETCATALOG_COMPILER_GLOBAL_ACCENT_COLOR_NAME = AccentColor;
				CODE_SIGN_ENTITLEMENTS = bnbk/bnbk.entitlements;
				CODE_SIGN_STYLE = Automatic;
				CURRENT_PROJECT_VERSION = 1;
				DEVELOPMENT_ASSET_PATHS = "\"bnbk/Preview Content\"";
				DEVELOPMENT_TEAM = 9VBW89A4U3;
				ENABLE_PREVIEWS = YES;
				GENERATE_INFOPLIST_FILE = YES;
				INFOPLIST_FILE = bnbk/Info.plist;
				INFOPLIST_KEY_CFBundleDisplayName = BNBK;
				INFOPLIST_KEY_LSApplicationCategoryType = "public.app-category.books";
				INFOPLIST_KEY_UIApplicationSceneManifest_Generation = YES;
				INFOPLIST_KEY_UIApplicationSupportsIndirectInputEvents = YES;
				INFOPLIST_KEY_UILaunchScreen_Generation = YES;
				INFOPLIST_KEY_UIStatusBarHidden = YES;
				INFOPLIST_KEY_UISupportedInterfaceOrientations = UIInterfaceOrientationPortrait;
				INFOPLIST_KEY_UISupportedInterfaceOrientations_iPad = "UIInterfaceOrientationLandscapeLeft UIInterfaceOrientationPortrait UIInterfaceOrientationPortraitUpsideDown";
				IPHONEOS_DEPLOYMENT_TARGET = 17.0;
				LD_RUNPATH_SEARCH_PATHS = (
					"$(inherited)",
					"@executable_path/Frameworks",
				);
				MARKETING_VERSION = 1.0;
				PRODUCT_BUNDLE_IDENTIFIER = org.bnbk.ios;
				PRODUCT_NAME = "$(TARGET_NAME)";
				SUPPORTED_PLATFORMS = "iphoneos iphonesimulator";
				SUPPORTS_MACCATALYST = NO;
				SUPPORTS_MAC_DESIGNED_FOR_IPHONE_IPAD = NO;
				SUPPORTS_XR_DESIGNED_FOR_IPHONE_IPAD = NO;
				SWIFT_EMIT_LOC_STRINGS = YES;
				SWIFT_VERSION = 5.0;
				TARGETED_DEVICE_FAMILY = "1,2";
			};
			name = Release;
		};
		29E2A07C2BF712BA005595E6 /* Debug */ = {
			isa = XCBuildConfiguration;
			buildSettings = {
				ALWAYS_EMBED_SWIFT_STANDARD_LIBRARIES = YES;
				BUNDLE_LOADER = "$(TEST_HOST)";
				CODE_SIGN_STYLE = Automatic;
				CURRENT_PROJECT_VERSION = 1;
				DEVELOPMENT_TEAM = 9VBW89A4U3;
				GENERATE_INFOPLIST_FILE = YES;
				IPHONEOS_DEPLOYMENT_TARGET = 17.2;
				MARKETING_VERSION = 1.0;
				PRODUCT_BUNDLE_IDENTIFIER = com.ryandev.bnbkTests;
				PRODUCT_NAME = "$(TARGET_NAME)";
				SWIFT_EMIT_LOC_STRINGS = NO;
				SWIFT_VERSION = 5.0;
				TARGETED_DEVICE_FAMILY = "1,2";
				TEST_HOST = "$(BUILT_PRODUCTS_DIR)/bnbk.app/$(BUNDLE_EXECUTABLE_FOLDER_PATH)/bnbk";
			};
			name = Debug;
		};
		29E2A07D2BF712BA005595E6 /* Release */ = {
			isa = XCBuildConfiguration;
			buildSettings = {
				ALWAYS_EMBED_SWIFT_STANDARD_LIBRARIES = YES;
				BUNDLE_LOADER = "$(TEST_HOST)";
				CODE_SIGN_STYLE = Automatic;
				CURRENT_PROJECT_VERSION = 1;
				DEVELOPMENT_TEAM = 9VBW89A4U3;
				GENERATE_INFOPLIST_FILE = YES;
				IPHONEOS_DEPLOYMENT_TARGET = 17.2;
				MARKETING_VERSION = 1.0;
				PRODUCT_BUNDLE_IDENTIFIER = com.ryandev.bnbkTests;
				PRODUCT_NAME = "$(TARGET_NAME)";
				SWIFT_EMIT_LOC_STRINGS = NO;
				SWIFT_VERSION = 5.0;
				TARGETED_DEVICE_FAMILY = "1,2";
				TEST_HOST = "$(BUILT_PRODUCTS_DIR)/bnbk.app/$(BUNDLE_EXECUTABLE_FOLDER_PATH)/bnbk";
			};
			name = Release;
		};
		29E2A07F2BF712BA005595E6 /* Debug */ = {
			isa = XCBuildConfiguration;
			buildSettings = {
				ALWAYS_EMBED_SWIFT_STANDARD_LIBRARIES = YES;
				CODE_SIGN_STYLE = Automatic;
				CURRENT_PROJECT_VERSION = 1;
				DEVELOPMENT_TEAM = 9VBW89A4U3;
				GENERATE_INFOPLIST_FILE = YES;
				MARKETING_VERSION = 1.0;
				PRODUCT_BUNDLE_IDENTIFIER = com.ryandev.bnbkUITests;
				PRODUCT_NAME = "$(TARGET_NAME)";
				SWIFT_EMIT_LOC_STRINGS = NO;
				SWIFT_VERSION = 5.0;
				TARGETED_DEVICE_FAMILY = "1,2";
				TEST_TARGET_NAME = bnbk;
			};
			name = Debug;
		};
		29E2A0802BF712BA005595E6 /* Release */ = {
			isa = XCBuildConfiguration;
			buildSettings = {
				ALWAYS_EMBED_SWIFT_STANDARD_LIBRARIES = YES;
				CODE_SIGN_STYLE = Automatic;
				CURRENT_PROJECT_VERSION = 1;
				DEVELOPMENT_TEAM = 9VBW89A4U3;
				GENERATE_INFOPLIST_FILE = YES;
				MARKETING_VERSION = 1.0;
				PRODUCT_BUNDLE_IDENTIFIER = com.ryandev.bnbkUITests;
				PRODUCT_NAME = "$(TARGET_NAME)";
				SWIFT_EMIT_LOC_STRINGS = NO;
				SWIFT_VERSION = 5.0;
				TARGETED_DEVICE_FAMILY = "1,2";
				TEST_TARGET_NAME = bnbk;
			};
			name = Release;
		};
/* End XCBuildConfiguration section */

/* Begin XCConfigurationList section */
		29E2A04D2BF712B8005595E6 /* Build configuration list for PBXProject "bnbk" */ = {
			isa = XCConfigurationList;
			buildConfigurations = (
				29E2A0762BF712BA005595E6 /* Debug */,
				29E2A0772BF712BA005595E6 /* Release */,
			);
			defaultConfigurationIsVisible = 0;
			defaultConfigurationName = Release;
		};
		29E2A0782BF712BA005595E6 /* Build configuration list for PBXNativeTarget "bnbk" */ = {
			isa = XCConfigurationList;
			buildConfigurations = (
				29E2A0792BF712BA005595E6 /* Debug */,
				29E2A07A2BF712BA005595E6 /* Release */,
			);
			defaultConfigurationIsVisible = 0;
			defaultConfigurationName = Release;
		};
		29E2A07B2BF712BA005595E6 /* Build configuration list for PBXNativeTarget "bnbkTests" */ = {
			isa = XCConfigurationList;
			buildConfigurations = (
				29E2A07C2BF712BA005595E6 /* Debug */,
				29E2A07D2BF712BA005595E6 /* Release */,
			);
			defaultConfigurationIsVisible = 0;
			defaultConfigurationName = Release;
		};
		29E2A07E2BF712BA005595E6 /* Build configuration list for PBXNativeTarget "bnbkUITests" */ = {
			isa = XCConfigurationList;
			buildConfigurations = (
				29E2A07F2BF712BA005595E6 /* Debug */,
				29E2A0802BF712BA005595E6 /* Release */,
			);
			defaultConfigurationIsVisible = 0;
			defaultConfigurationName = Release;
		};
/* End XCConfigurationList section */

/* Begin XCRemoteSwiftPackageReference section */
		295BB29B2BF7251600CF0431 /* XCRemoteSwiftPackageReference "SwiftyJSON" */ = {
			isa = XCRemoteSwiftPackageReference;
			repositoryURL = "https://github.com/SwiftyJSON/SwiftyJSON.git";
			requirement = {
				kind = upToNextMajorVersion;
				minimumVersion = 5.0.2;
			};
		};
		29F0CD982C947DA90007079D /* XCRemoteSwiftPackageReference "GoogleSignIn-iOS" */ = {
			isa = XCRemoteSwiftPackageReference;
			repositoryURL = "https://github.com/google/GoogleSignIn-iOS";
			requirement = {
				kind = upToNextMajorVersion;
				minimumVersion = 8.0.0;
			};
		};
		29FBF67F2C9435E000FA93A6 /* XCRemoteSwiftPackageReference "firebase-ios-sdk" */ = {
			isa = XCRemoteSwiftPackageReference;
			repositoryURL = "https://github.com/firebase/firebase-ios-sdk";
			requirement = {
				kind = upToNextMajorVersion;
				minimumVersion = 11.2.0;
			};
		};
/* End XCRemoteSwiftPackageReference section */

/* Begin XCSwiftPackageProductDependency section */
		295BB29C2BF7251600CF0431 /* SwiftyJSON */ = {
			isa = XCSwiftPackageProductDependency;
			package = 295BB29B2BF7251600CF0431 /* XCRemoteSwiftPackageReference "SwiftyJSON" */;
			productName = SwiftyJSON;
		};
		29F0CD992C947DA90007079D /* GoogleSignIn */ = {
			isa = XCSwiftPackageProductDependency;
			package = 29F0CD982C947DA90007079D /* XCRemoteSwiftPackageReference "GoogleSignIn-iOS" */;
			productName = GoogleSignIn;
		};
		29F0CD9B2C947DA90007079D /* GoogleSignInSwift */ = {
			isa = XCSwiftPackageProductDependency;
			package = 29F0CD982C947DA90007079D /* XCRemoteSwiftPackageReference "GoogleSignIn-iOS" */;
			productName = GoogleSignInSwift;
		};
		29FBF6802C9435E000FA93A6 /* FirebaseAuth */ = {
			isa = XCSwiftPackageProductDependency;
			package = 29FBF67F2C9435E000FA93A6 /* XCRemoteSwiftPackageReference "firebase-ios-sdk" */;
			productName = FirebaseAuth;
		};
		29FBF6822C9435E000FA93A6 /* FirebaseMessaging */ = {
			isa = XCSwiftPackageProductDependency;
			package = 29FBF67F2C9435E000FA93A6 /* XCRemoteSwiftPackageReference "firebase-ios-sdk" */;
			productName = FirebaseMessaging;
		};
		29FBF6842C9435E000FA93A6 /* FirebaseStorage */ = {
			isa = XCSwiftPackageProductDependency;
			package = 29FBF67F2C9435E000FA93A6 /* XCRemoteSwiftPackageReference "firebase-ios-sdk" */;
			productName = FirebaseStorage;
		};
/* End XCSwiftPackageProductDependency section */
	};
	rootObject = 29E2A04A2BF712B8005595E6 /* Project object */;
}
